
Microsoft Visual Studio Solution File, Format Version 12.00
# Visual Studio Version 16
VisualStudioVersion = 16.0.30413.136
MinimumVisualStudioVersion = 10.0.40219.1
Project("{FAE04EC0-301F-11D3-BF4B-00C04F79EFBC}") = "HelloWebClient", "HelloWebClient\HelloWebClient.csproj", "{546DB742-E7D8-4D72-8CD8-5228500F3CF0}"
EndProject
Global
	GlobalSection(SolutionConfigurationPlatforms) = preSolution
		Debug|Any CPU = Debug|Any CPU
		Release|Any CPU = Release|Any CPU
	EndGlobalSection
	GlobalSection(ProjectConfigurationPlatforms) = postSolution
		{546DB742-E7D8-4D72-8CD8-5228500F3CF0}.Debug|Any CPU.ActiveCfg = Debug|Any CPU
		{546DB742-E7D8-4D72-8CD8-5228500F3CF0}.Debug|Any CPU.Build.0 = Debug|Any CPU
		{546DB742-E7D8-4D72-8CD8-5228500F3CF0}.Release|Any CPU.ActiveCfg = Release|Any CPU
		{546DB742-E7D8-4D72-8CD8-5228500F3CF0}.Release|Any CPU.Build.0 = Release|Any CPU
	EndGlobalSection
	GlobalSection(SolutionProperties) = preSolution
		HideSolutionNode = FALSE
	EndGlobalSection
	GlobalSection(ExtensibilityGlobals) = postSolution
		SolutionGuid = {86C8F607-5465-46B4-87E6-95882A8FDC4A}
	EndGlobalSection
EndGlobal
